{"is_source_file": false, "format": "", "description": "", "external_files": [], "external_methods": [], "published": [], "classes": [], "methods": [], "calls": [], "search-terms": [], "state": 2, "file_id": 26, "knowledge_revision": 94, "git_revision": "27543d420e869f484318632bdbc81415b862adb3", "filename": "/home/kavia/workspace/code-generation/petcareplanner-27008-2381431b/petcare_scheduler/post_process_status.lock", "hash": "e9b4c3b42cef0193b7fddb548d37e652", "format-version": 4, "code-base-name": "default", "revision_history": [{"94": "27543d420e869f484318632bdbc81415b862adb3"}]}